// !$*UTF8*$!
{
	archiveVersion = 1;
	classes = {
	};
	objectVersion = 46;
	objects = {

/* Begin PBXBuildFile section */
		C3A8FAF41AA34B5800B4BDBA /* AppDelegate.swift in Sources */ = {isa = PBXBuildFile; fileRef = C3A8FAF31AA34B5800B4BDBA /* AppDelegate.swift */; };
		C3A8FAF61AA34B5800B4BDBA /* GameScene.swift in Sources */ = {isa = PBXBuildFile; fileRef = C3A8FAF51AA34B5800B4BDBA /* GameScene.swift */; };
		C3A8FAF81AA34B5800B4BDBA /* GameScene.sks in Resources */ = {isa = PBXBuildFile; fileRef = C3A8FAF71AA34B5800B4BDBA /* GameScene.sks */; };
		C3A8FAFA1AA34B5800B4BDBA /* Images.xcassets in Resources */ = {isa = PBXBuildFile; fileRef = C3A8FAF91AA34B5800B4BDBA /* Images.xcassets */; };
		C3A8FAFD1AA34B5800B4BDBA /* MainMenu.xib in Resources */ = {isa = PBXBuildFile; fileRef = C3A8FAFB1AA34B5800B4BDBA /* MainMenu.xib */; };
		C3A8FB091AA34B5800B4BDBA /* pongTests.swift in Sources */ = {isa = PBXBuildFile; fileRef = C3A8FB081AA34B5800B4BDBA /* pongTests.swift */; };
/* End PBXBuildFile section */

/* Begin PBXContainerItemProxy section */
		C3A8FB031AA34B5800B4BDBA /* PBXContainerItemProxy */ = {
			isa = PBXContainerItemProxy;
			containerPortal = C3A8FAE61AA34B5800B4BDBA /* Project object */;
			proxyType = 1;
			remoteGlobalIDString = C3A8FAED1AA34B5800B4BDBA;
			remoteInfo = pong;
		};
/* End PBXContainerItemProxy section */

/* Begin PBXFileReference section */
		C3A8FAEE1AA34B5800B4BDBA /* pong.app */ = {isa = PBXFileReference; explicitFileType = wrapper.application; includeInIndex = 0; path = pong.app; sourceTree = BUILT_PRODUCTS_DIR; };
		C3A8FAF21AA34B5800B4BDBA /* Info.plist */ = {isa = PBXFileReference; lastKnownFileType = text.plist.xml; path = Info.plist; sourceTree = "<group>"; };
		C3A8FAF31AA34B5800B4BDBA /* AppDelegate.swift */ = {isa = PBXFileReference; lastKnownFileType = sourcecode.swift; path = AppDelegate.swift; sourceTree = "<group>"; };
		C3A8FAF51AA34B5800B4BDBA /* GameScene.swift */ = {isa = PBXFileReference; lastKnownFileType = sourcecode.swift; path = GameScene.swift; sourceTree = "<group>"; };
		C3A8FAF71AA34B5800B4BDBA /* GameScene.sks */ = {isa = PBXFileReference; lastKnownFileType = file.sks; path = GameScene.sks; sourceTree = "<group>"; };
		C3A8FAF91AA34B5800B4BDBA /* Images.xcassets */ = {isa = PBXFileReference; lastKnownFileType = folder.assetcatalog; path = Images.xcassets; sourceTree = "<group>"; };
		C3A8FAFC1AA34B5800B4BDBA /* Base */ = {isa = PBXFileReference; lastKnownFileType = file.xib; name = Base; path = Base.lproj/MainMenu.xib; sourceTree = "<group>"; };
		C3A8FB021AA34B5800B4BDBA /* pongTests.xctest */ = {isa = PBXFileReference; explicitFileType = wrapper.cfbundle; includeInIndex = 0; path = pongTests.xctest; sourceTree = BUILT_PRODUCTS_DIR; };
		C3A8FB071AA34B5800B4BDBA /* Info.plist */ = {isa = PBXFileReference; lastKnownFileType = text.plist.xml; path = Info.plist; sourceTree = "<group>"; };
		C3A8FB081AA34B5800B4BDBA /* pongTests.swift */ = {isa = PBXFileReference; lastKnownFileType = sourcecode.swift; path = pongTests.swift; sourceTree = "<group>"; };
/* End PBXFileReference section */

/* Begin PBXFrameworksBuildPhase section */
		C3A8FAEB1AA34B5800B4BDBA /* Frameworks */ = {
			isa = PBXFrameworksBuildPhase;
			buildActionMask = 2147483647;
			files = (
			);
			runOnlyForDeploymentPostprocessing = 0;
		};
		C3A8FAFF1AA34B5800B4BDBA /* Frameworks */ = {
			isa = PBXFrameworksBuildPhase;
			buildActionMask = 2147483647;
			files = (
			);
			runOnlyForDeploymentPostprocessing = 0;
		};
/* End PBXFrameworksBuildPhase section */

/* Begin PBXGroup section */
		C3A8FAE51AA34B5800B4BDBA = {
			isa = PBXGroup;
			children = (
				C3A8FAF01AA34B5800B4BDBA /* pong */,
				C3A8FB051AA34B5800B4BDBA /* pongTests */,
				C3A8FAEF1AA34B5800B4BDBA /* Products */,
			);
			sourceTree = "<group>";
		};
		C3A8FAEF1AA34B5800B4BDBA /* Products */ = {
			isa = PBXGroup;
			children = (
				C3A8FAEE1AA34B5800B4BDBA /* pong.app */,
				C3A8FB021AA34B5800B4BDBA /* pongTests.xctest */,
			);
			name = Products;
			sourceTree = "<group>";
		};
		C3A8FAF01AA34B5800B4BDBA /* pong */ = {
			isa = PBXGroup;
			children = (
				C3A8FAF31AA34B5800B4BDBA /* AppDelegate.swift */,
				C3A8FAF51AA34B5800B4BDBA /* GameScene.swift */,
				C3A8FAF71AA34B5800B4BDBA /* GameScene.sks */,
				C3A8FAF91AA34B5800B4BDBA /* Images.xcassets */,
				C3A8FAFB1AA34B5800B4BDBA /* MainMenu.xib */,
				C3A8FAF11AA34B5800B4BDBA /* Supporting Files */,
			);
			path = pong;
			sourceTree = "<group>";
		};
		C3A8FAF11AA34B5800B4BDBA /* Supporting Files */ = {
			isa = PBXGroup;
			children = (
				C3A8FAF21AA34B5800B4BDBA /* Info.plist */,
			);
			name = "Supporting Files";
			sourceTree = "<group>";
		};
		C3A8FB051AA34B5800B4BDBA /* pongTests */ = {
			isa = PBXGroup;
			children = (
				C3A8FB081AA34B5800B4BDBA /* pongTests.swift */,
				C3A8FB061AA34B5800B4BDBA /* Supporting Files */,
			);
			path = pongTests;
			sourceTree = "<group>";
		};
		C3A8FB061AA34B5800B4BDBA /* Supporting Files */ = {
			isa = PBXGroup;
			children = (
				C3A8FB071AA34B5800B4BDBA /* Info.plist */,
			);
			name = "Supporting Files";
			sourceTree = "<group>";
		};
/* End PBXGroup section */

/* Begin PBXNativeTarget section */
		C3A8FAED1AA34B5800B4BDBA /* pong */ = {
			isa = PBXNativeTarget;
			buildConfigurationList = C3A8FB0C1AA34B5800B4BDBA /* Build configuration list for PBXNativeTarget "pong" */;
			buildPhases = (
				C3A8FAEA1AA34B5800B4BDBA /* Sources */,
				C3A8FAEB1AA34B5800B4BDBA /* Frameworks */,
				C3A8FAEC1AA34B5800B4BDBA /* Resources */,
			);
			buildRules = (
			);
			dependencies = (
			);
			name = pong;
			productName = pong;
			productReference = C3A8FAEE1AA34B5800B4BDBA /* pong.app */;
			productType = "com.apple.product-type.application";
		};
		C3A8FB011AA34B5800B4BDBA /* pongTests */ = {
			isa = PBXNativeTarget;
			buildConfigurationList = C3A8FB0F1AA34B5800B4BDBA /* Build configuration list for PBXNativeTarget "pongTests" */;
			buildPhases = (
				C3A8FAFE1AA34B5800B4BDBA /* Sources */,
				C3A8FAFF1AA34B5800B4BDBA /* Frameworks */,
				C3A8FB001AA34B5800B4BDBA /* Resources */,
			);
			buildRules = (
			);
			dependencies = (
				C3A8FB041AA34B5800B4BDBA /* PBXTargetDependency */,
			);
			name = pongTests;
			productName = pongTests;
			productReference = C3A8FB021AA34B5800B4BDBA /* pongTests.xctest */;
			productType = "com.apple.product-type.bundle.unit-test";
		};
/* End PBXNativeTarget section */

/* Begin PBXProject section */
		C3A8FAE61AA34B5800B4BDBA /* Project object */ = {
			isa = PBXProject;
			attributes = {
				LastUpgradeCheck = 0610;
				ORGANIZATIONNAME = "Dylan Gray";
				TargetAttributes = {
					C3A8FAED1AA34B5800B4BDBA = {
						CreatedOnToolsVersion = 6.1.1;
					};
					C3A8FB011AA34B5800B4BDBA = {
						CreatedOnToolsVersion = 6.1.1;
						TestTargetID = C3A8FAED1AA34B5800B4BDBA;
					};
				};
			};
			buildConfigurationList = C3A8FAE91AA34B5800B4BDBA /* Build configuration list for PBXProject "pong" */;
			compatibilityVersion = "Xcode 3.2";
			developmentRegion = English;
			hasScannedForEncodings = 0;
			knownRegions = (
				en,
				Base,
			);
			mainGroup = C3A8FAE51AA34B5800B4BDBA;
			productRefGroup = C3A8FAEF1AA34B5800B4BDBA /* Products */;
			projectDirPath = "";
			projectRoot = "";
			targets = (
				C3A8FAED1AA34B5800B4BDBA /* pong */,
				C3A8FB011AA34B5800B4BDBA /* pongTests */,
			);
		};
/* End PBXProject section */

/* Begin PBXResourcesBuildPhase section */
		C3A8FAEC1AA34B5800B4BDBA /* Resources */ = {
			isa = PBXResourcesBuildPhase;
			buildActionMask = 2147483647;
			files = (
				C3A8FAF81AA34B5800B4BDBA /* GameScene.sks in Resources */,
				C3A8FAFA1AA34B5800B4BDBA /* Images.xcassets in Resources */,
				C3A8FAFD1AA34B5800B4BDBA /* MainMenu.xib in Resources */,
			);
			runOnlyForDeploymentPostprocessing = 0;
		};
		C3A8FB001AA34B5800B4BDBA /* Resources */ = {
			isa = PBXResourcesBuildPhase;
			buildActionMask = 2147483647;
			files = (
			);
			runOnlyForDeploymentPostprocessing = 0;
		};
/* End PBXResourcesBuildPhase section */

/* Begin PBXSourcesBuildPhase section */
		C3A8FAEA1AA34B5800B4BDBA /* Sources */ = {
			isa = PBXSourcesBuildPhase;
			buildActionMask = 2147483647;
			files = (
				C3A8FAF61AA34B5800B4BDBA /* GameScene.swift in Sources */,
				C3A8FAF41AA34B5800B4BDBA /* AppDelegate.swift in Sources */,
			);
			runOnlyForDeploymentPostprocessing = 0;
		};
		C3A8FAFE1AA34B5800B4BDBA /* Sources */ = {
			isa = PBXSourcesBuildPhase;
			buildActionMask = 2147483647;
			files = (
				C3A8FB091AA34B5800B4BDBA /* pongTests.swift in Sources */,
			);
			runOnlyForDeploymentPostprocessing = 0;
		};
/* End PBXSourcesBuildPhase section */

/* Begin PBXTargetDependency section */
		C3A8FB041AA34B5800B4BDBA /* PBXTargetDependency */ = {
			isa = PBXTargetDependency;
			target = C3A8FAED1AA34B5800B4BDBA /* pong */;
			targetProxy = C3A8FB031AA34B5800B4BDBA /* PBXContainerItemProxy */;
		};
/* End PBXTargetDependency section */

/* Begin PBXVariantGroup section */
		C3A8FAFB1AA34B5800B4BDBA /* MainMenu.xib */ = {
			isa = PBXVariantGroup;
			children = (
				C3A8FAFC1AA34B5800B4BDBA /* Base */,
			);
			name = MainMenu.xib;
			sourceTree = "<group>";
		};
/* End PBXVariantGroup section */

/* Begin XCBuildConfiguration section */
		C3A8FB0A1AA34B5800B4BDBA /* Debug */ = {
			isa = XCBuildConfiguration;
			buildSettings = {
				ALWAYS_SEARCH_USER_PATHS = NO;
				CLANG_CXX_LANGUAGE_STANDARD = "gnu++0x";
				CLANG_CXX_LIBRARY = "libc++";
				CLANG_ENABLE_MODULES = YES;
				CLANG_ENABLE_OBJC_ARC = YES;
				CLANG_WARN_BOOL_CONVERSION = YES;
				CLANG_WARN_CONSTANT_CONVERSION = YES;
				CLANG_WARN_DIRECT_OBJC_ISA_USAGE = YES_ERROR;
				CLANG_WARN_EMPTY_BODY = YES;
				CLANG_WARN_ENUM_CONVERSION = YES;
				CLANG_WARN_INT_CONVERSION = YES;
				CLANG_WARN_OBJC_ROOT_CLASS = YES_ERROR;
				CLANG_WARN_UNREACHABLE_CODE = YES;
				CLANG_WARN__DUPLICATE_METHOD_MATCH = YES;
				CODE_SIGN_IDENTITY = "-";
				COPY_PHASE_STRIP = NO;
				ENABLE_STRICT_OBJC_MSGSEND = YES;
				GCC_C_LANGUAGE_STANDARD = gnu99;
				GCC_DYNAMIC_NO_PIC = NO;
				GCC_OPTIMIZATION_LEVEL = 0;
				GCC_PREPROCESSOR_DEFINITIONS = (
					"DEBUG=1",
					"$(inherited)",
				);
				GCC_SYMBOLS_PRIVATE_EXTERN = NO;
				GCC_WARN_64_TO_32_BIT_CONVERSION = YES;
				GCC_WARN_ABOUT_RETURN_TYPE = YES_ERROR;
				GCC_WARN_UNDECLARED_SELECTOR = YES;
				GCC_WARN_UNINITIALIZED_AUTOS = YES_AGGRESSIVE;
				GCC_WARN_UNUSED_FUNCTION = YES;
				GCC_WARN_UNUSED_VARIABLE = YES;
				MACOSX_DEPLOYMENT_TARGET = 10.10;
				MTL_ENABLE_DEBUG_INFO = YES;
				ONLY_ACTIVE_ARCH = YES;
				SDKROOT = macosx;
				SWIFT_OPTIMIZATION_LEVEL = "-Onone";
			};
			name = Debug;
		};
		C3A8FB0B1AA34B5800B4BDBA /* Release */ = {
			isa = XCBuildConfiguration;
			buildSettings = {
				ALWAYS_SEARCH_USER_PATHS = NO;
				CLANG_CXX_LANGUAGE_STANDARD = "gnu++0x";
				CLANG_CXX_LIBRARY = "libc++";
				CLANG_ENABLE_MODULES = YES;
				CLANG_ENABLE_OBJC_ARC = YES;
				CLANG_WARN_BOOL_CONVERSION = YES;
				CLANG_WARN_CONSTANT_CONVERSION = YES;
				CLANG_WARN_DIRECT_OBJC_ISA_USAGE = YES_ERROR;
				CLANG_WARN_EMPTY_BODY = YES;
				CLANG_WARN_ENUM_CONVERSION = YES;
				CLANG_WARN_INT_CONVERSION = YES;
				CLANG_WARN_OBJC_ROOT_CLASS = YES_ERROR;
				CLANG_WARN_UNREACHABLE_CODE = YES;
				CLANG_WARN__DUPLICATE_METHOD_MATCH = YES;
				CODE_SIGN_IDENTITY = "-";
				COPY_PHASE_STRIP = YES;
				DEBUG_INFORMATION_FORMAT = "dwarf-with-dsym";
				ENABLE_NS_ASSERTIONS = NO;
				ENABLE_STRICT_OBJC_MSGSEND = YES;
				GCC_C_LANGUAGE_STANDARD = gnu99;
				GCC_WARN_64_TO_32_BIT_CONVERSION = YES;
				GCC_WARN_ABOUT_RETURN_TYPE = YES_ERROR;
				GCC_WARN_UNDECLARED_SELECTOR = YES;
				GCC_WARN_UNINITIALIZED_AUTOS = YES_AGGRESSIVE;
				GCC_WARN_UNUSED_FUNCTION = YES;
				GCC_WARN_UNUSED_VARIABLE = YES;
				MACOSX_DEPLOYMENT_TARGET = 10.10;
				MTL_ENABLE_DEBUG_INFO = NO;
				SDKROOT = macosx;
			};
			name = Release;
		};
		C3A8FB0D1AA34B5800B4BDBA /* Debug */ = {
			isa = XCBuildConfiguration;
			buildSettings = {
				ASSETCATALOG_COMPILER_APPICON_NAME = AppIcon;
				COMBINE_HIDPI_IMAGES = YES;
				INFOPLIST_FILE = pong/Info.plist;
				LD_RUNPATH_SEARCH_PATHS = "$(inherited) @executable_path/../Frameworks";
				PRODUCT_NAME = "$(TARGET_NAME)";
			};
			name = Debug;
		};
		C3A8FB0E1AA34B5800B4BDBA /* Release */ = {
			isa = XCBuildConfiguration;
			buildSettings = {
				ASSETCATALOG_COMPILER_APPICON_NAME = AppIcon;
				COMBINE_HIDPI_IMAGES = YES;
				INFOPLIST_FILE = pong/Info.plist;
				LD_RUNPATH_SEARCH_PATHS = "$(inherited) @executable_path/../Frameworks";
				PRODUCT_NAME = "$(TARGET_NAME)";
			};
			name = Release;
		};
		C3A8FB101AA34B5800B4BDBA /* Debug */ = {
			isa = XCBuildConfiguration;
			buildSettings = {
				BUNDLE_LOADER = "$(TEST_HOST)";
				COMBINE_HIDPI_IMAGES = YES;
				FRAMEWORK_SEARCH_PATHS = (
					"$(DEVELOPER_FRAMEWORKS_DIR)",
					"$(inherited)",
				);
				GCC_PREPROCESSOR_DEFINITIONS = (
					"DEBUG=1",
					"$(inherited)",
				);
				INFOPLIST_FILE = pongTests/Info.plist;
				LD_RUNPATH_SEARCH_PATHS = "$(inherited) @executable_path/../Frameworks @loader_path/../Frameworks";
				PRODUCT_NAME = "$(TARGET_NAME)";
				TEST_HOST = "$(BUILT_PRODUCTS_DIR)/pong.app/Contents/MacOS/pong";
			};
			name = Debug;
		};
		C3A8FB111AA34B5800B4BDBA /* Release */ = {
			isa = XCBuildConfiguration;
			buildSettings = {
				BUNDLE_LOADER = "$(TEST_HOST)";
				COMBINE_HIDPI_IMAGES = YES;
				FRAMEWORK_SEARCH_PATHS = (
					"$(DEVELOPER_FRAMEWORKS_DIR)",
					"$(inherited)",
				);
				INFOPLIST_FILE = pongTests/Info.plist;
				LD_RUNPATH_SEARCH_PATHS = "$(inherited) @executable_path/../Frameworks @loader_path/../Frameworks";
				PRODUCT_NAME = "$(TARGET_NAME)";
				TEST_HOST = "$(BUILT_PRODUCTS_DIR)/pong.app/Contents/MacOS/pong";
			};
			name = Release;
		};
/* End XCBuildConfiguration section */

/* Begin XCConfigurationList section */
		C3A8FAE91AA34B5800B4BDBA /* Build configuration list for PBXProject "pong" */ = {
			isa = XCConfigurationList;
			buildConfigurations = (
				C3A8FB0A1AA34B5800B4BDBA /* Debug */,
				C3A8FB0B1AA34B5800B4BDBA /* Release */,
			);
			defaultConfigurationIsVisible = 0;
			defaultConfigurationName = Release;
		};
		C3A8FB0C1AA34B5800B4BDBA /* Build configuration list for PBXNativeTarget "pong" */ = {
			isa = XCConfigurationList;
			buildConfigurations = (
				C3A8FB0D1AA34B5800B4BDBA /* Debug */,
				C3A8FB0E1AA34B5800B4BDBA /* Release */,
			);
			defaultConfigurationIsVisible = 0;
		};
		C3A8FB0F1AA34B5800B4BDBA /* Build configuration list for PBXNativeTarget "pongTests" */ = {
			isa = XCConfigurationList;
			buildConfigurations = (
				C3A8FB101AA34B5800B4BDBA /* Debug */,
				C3A8FB111AA34B5800B4BDBA /* Release */,
			);
			defaultConfigurationIsVisible = 0;
		};
/* End XCConfigurationList section */
	};
	rootObject = C3A8FAE61AA34B5800B4BDBA /* Project object */;
}
